
Microsoft Visual Studio Solution File, Format Version 12.00
# Visual Studio Version 16
VisualStudioVersion = 16.0.30330.147
MinimumVisualStudioVersion = 10.0.40219.1
Project("{FAE04EC0-301F-11D3-BF4B-00C04F79EFBC}") = "ToDoList", "ToDoList\ToDoList.csproj", "{D53BD846-FCAB-467A-B828-34F73740AC3C}"
EndProject
Global
	GlobalSection(SolutionConfigurationPlatforms) = preSolution
		Debug|Any CPU = Debug|Any CPU
		Release|Any CPU = Release|Any CPU
	EndGlobalSection
	GlobalSection(ProjectConfigurationPlatforms) = postSolution
		{D53BD846-FCAB-467A-B828-34F73740AC3C}.Debug|Any CPU.ActiveCfg = Debug|Any CPU
		{D53BD846-FCAB-467A-B828-34F73740AC3C}.Debug|Any CPU.Build.0 = Debug|Any CPU
		{D53BD846-FCAB-467A-B828-34F73740AC3C}.Release|Any CPU.ActiveCfg = Release|Any CPU
		{D53BD846-FCAB-467A-B828-34F73740AC3C}.Release|Any CPU.Build.0 = Release|Any CPU
	EndGlobalSection
	GlobalSection(SolutionProperties) = preSolution
		HideSolutionNode = FALSE
	EndGlobalSection
	GlobalSection(ExtensibilityGlobals) = postSolution
		SolutionGuid = {20E9F91B-4CA8-492E-90EA-239CD619BEF0}
	EndGlobalSection
EndGlobal
